# THIS IS AN AUTOGENERATED FILE. DO NOT EDIT THIS FILE DIRECTLY.
# yarn lockfile v1


"@types/node@^13.11.0":
  version "13.13.5"
  resolved "https://registry.npmjs.org/@types/node/-/node-13.13.5.tgz#96ec3b0afafd64a4ccea9107b75bf8489f0e5765"
  integrity sha512-3ySmiBYJPqgjiHA7oEaIo2Rzz0HrOZ7yrNO5HWyaE5q0lQ3BppDZ3N53Miz8bw2I7gh1/zir2MGVZBvpb1zq9g==

busboy@^0.3.1:
  version "0.3.1"
  resolved "https://registry.npmjs.org/busboy/-/busboy-0.3.1.tgz#170899274c5bf38aae27d5c62b71268cd585fd1b"
  integrity sha512-y7tTxhGKXcyBxRKAni+awqx8uqaJKrSFSNFSeRG5CsWNdmy2BIK+6VGWEW7TZnIO/533mtMEA4rOevQV815YJw==
  dependencies:
    dicer "0.3.0"

cookie@^0.4.0:
  version "0.4.1"
  resolved "https://registry.npmjs.org/cookie/-/cookie-0.4.1.tgz#afd713fe26ebd21ba95ceb61f9a8116e50a537d1"
  integrity sha512-ZwrFkGJxUR3EIoXtO+yVE69Eb7KlixbaeAWfBQB9vVsNn/o+Yw69gBWSSDK825hQNdN+wF8zELf3dFNl/kxkUA==

dicer@0.3.0:
  version "0.3.0"
  resolved "https://registry.npmjs.org/dicer/-/dicer-0.3.0.tgz#eacd98b3bfbf92e8ab5c2fdb71aaac44bb06b872"
  integrity sha512-MdceRRWqltEG2dZqO769g27N/3PXfcKl04VhYnBlo2YhH7zPi88VebsjTKclaOyiuMaGU72hTfw3VkUitGcVCA==
  dependencies:
    streamsearch "0.1.2"

finch-log@^0.1.2:
  version "0.1.2"
  resolved "https://registry.npmjs.org/finch-log/-/finch-log-0.1.2.tgz#be8756c2468118ea66a228dc659db1cd32261a9c"
  integrity sha512-G9Hv6n5OMAfbEc8609fnocyK9nm63BEPxKJfmNSBAZyIeVy0nmcOMg7205gfj6Bt0CR4+nk1liQUpUkQFwYyGg==
  dependencies:
    finch-tools "^0.1.0"

finch-tools@^0.1.0:
  version "0.1.0"
  resolved "https://registry.npmjs.org/finch-tools/-/finch-tools-0.1.0.tgz#fc24c0882cc0ac8b64377326ad2bc5128490c19e"
  integrity sha512-IzqyMF0sU+n5WVoz4vvhWdBCY6Tu+qqJJQJ5PnSWc+vocV8+5lD73/C+EYeC/6ZAbAQgAUyaGy9SzZcMz6JuXw==

streamsearch@0.1.2:
  version "0.1.2"
  resolved "https://registry.npmjs.org/streamsearch/-/streamsearch-0.1.2.tgz#808b9d0e56fc273d809ba57338e929919a1a9f1a"
  integrity sha1-gIudDlb8Jz2Am6VzOOkpkZoanxo=
